{
	"name": "simpleddp-node",
	"version": "0.1.0",
	"lockfileVersion": 3,
	"requires": true,
	"packages": {
		"": {
			"name": "simpleddp-node",
			"version": "0.1.0",
			"license": "MIT",
			"dependencies": {
				"clone-deep": "^4.0.1",
				"ejson": "^2.2.0"
			},
			"devDependencies": {
				"@types/clone-deep": "^4.0.4",
				"@types/ejson": "^2.2.2",
				"@types/node": "^20.12.7",
				"@types/uuid": "^8.3.4",
				"@types/ws": "^8.5.10",
				"typescript": "^4.8.4",
				"ws": "^6.2.2"
			}
		},
		"node_modules/@types/clone-deep": {
			"version": "4.0.4",
			"resolved": "https://registry.npmjs.org/@types/clone-deep/-/clone-deep-4.0.4.tgz",
			"integrity": "sha512-vXh6JuuaAha6sqEbJueYdh5zNBPPgG1OYumuz2UvLvriN6ABHDSW8ludREGWJb1MLIzbwZn4q4zUbUCerJTJfA==",
			"dev": true
		},
		"node_modules/@types/ejson": {
			"version": "2.2.2",
			"resolved": "https://registry.npmjs.org/@types/ejson/-/ejson-2.2.2.tgz",
			"integrity": "sha512-4DEXy6yKJVr1DQx4xy+y7NV9mK6p1vgikvtbOITWgp2Prs6yhffqZ8XOjEtojX2pzC7B1KF9kcQe9Bv52E9K2A==",
			"dev": true
		},
		"node_modules/@types/node": {
			"version": "20.12.7",
			"resolved": "https://registry.npmjs.org/@types/node/-/node-20.12.7.tgz",
			"integrity": "sha512-wq0cICSkRLVaf3UGLMGItu/PtdY7oaXaI/RVU+xliKVOtRna3PRY57ZDfztpDL0n11vfymMUnXv8QwYCO7L1wg==",
			"dev": true,
			"dependencies": {
				"undici-types": "~5.26.4"
			}
		},
		"node_modules/@types/uuid": {
			"version": "8.3.4",
			"resolved": "https://registry.npmjs.org/@types/uuid/-/uuid-8.3.4.tgz",
			"integrity": "sha512-c/I8ZRb51j+pYGAu5CrFMRxqZ2ke4y2grEBO5AUjgSkSk+qT2Ea+OdWElz/OiMf5MNpn2b17kuVBwZLQJXzihw==",
			"dev": true
		},
		"node_modules/@types/ws": {
			"version": "8.5.10",
			"resolved": "https://registry.npmjs.org/@types/ws/-/ws-8.5.10.tgz",
			"integrity": "sha512-vmQSUcfalpIq0R9q7uTo2lXs6eGIpt9wtnLdMv9LVpIjCA/+ufZRozlVoVelIYixx1ugCBKDhn89vnsEGOCx9A==",
			"dev": true,
			"dependencies": {
				"@types/node": "*"
			}
		},
		"node_modules/async-limiter": {
			"version": "1.0.1",
			"resolved": "https://registry.npmjs.org/async-limiter/-/async-limiter-1.0.1.tgz",
			"integrity": "sha512-csOlWGAcRFJaI6m+F2WKdnMKr4HhdhFVBk0H/QbJFMCr+uO2kwohwXQPxw/9OCxp05r5ghVBFSyioixx3gfkNQ==",
			"dev": true
		},
		"node_modules/clone-deep": {
			"version": "4.0.1",
			"resolved": "https://registry.npmjs.org/clone-deep/-/clone-deep-4.0.1.tgz",
			"integrity": "sha512-neHB9xuzh/wk0dIHweyAXv2aPGZIVk3pLMe+/RNzINf17fe0OG96QroktYAUm7SM1PBnzTabaLboqqxDyMU+SQ==",
			"dependencies": {
				"is-plain-object": "^2.0.4",
				"kind-of": "^6.0.2",
				"shallow-clone": "^3.0.0"
			},
			"engines": {
				"node": ">=6"
			}
		},
		"node_modules/ejson": {
			"version": "2.2.3",
			"resolved": "https://registry.npmjs.org/ejson/-/ejson-2.2.3.tgz",
			"integrity": "sha512-hsFvJp6OpGxFRQfBR3PSxFpaPALdHDY+SB3TRbMpLWNhvu8GzLiZutof5+/DFd2QekZo3KyXau75ngdJqQUSrw=="
		},
		"node_modules/is-plain-object": {
			"version": "2.0.4",
			"resolved": "https://registry.npmjs.org/is-plain-object/-/is-plain-object-2.0.4.tgz",
			"integrity": "sha512-h5PpgXkWitc38BBMYawTYMWJHFZJVnBquFE57xFpjB8pJFiF6gZ+bU+WyI/yqXiFR5mdLsgYNaPe8uao6Uv9Og==",
			"dependencies": {
				"isobject": "^3.0.1"
			},
			"engines": {
				"node": ">=0.10.0"
			}
		},
		"node_modules/isobject": {
			"version": "3.0.1",
			"resolved": "https://registry.npmjs.org/isobject/-/isobject-3.0.1.tgz",
			"integrity": "sha512-WhB9zCku7EGTj/HQQRz5aUQEUeoQZH2bWcltRErOpymJ4boYE6wL9Tbr23krRPSZ+C5zqNSrSw+Cc7sZZ4b7vg==",
			"engines": {
				"node": ">=0.10.0"
			}
		},
		"node_modules/kind-of": {
			"version": "6.0.3",
			"resolved": "https://registry.npmjs.org/kind-of/-/kind-of-6.0.3.tgz",
			"integrity": "sha512-dcS1ul+9tmeD95T+x28/ehLgd9mENa3LsvDTtzm3vyBEO7RPptvAD+t44WVXaUjTBRcrpFeFlC8WCruUR456hw==",
			"engines": {
				"node": ">=0.10.0"
			}
		},
		"node_modules/shallow-clone": {
			"version": "3.0.1",
			"resolved": "https://registry.npmjs.org/shallow-clone/-/shallow-clone-3.0.1.tgz",
			"integrity": "sha512-/6KqX+GVUdqPuPPd2LxDDxzX6CAbjJehAAOKlNpqqUpAqPM6HeL8f+o3a+JsyGjn2lv0WY8UsTgUJjU9Ok55NA==",
			"dependencies": {
				"kind-of": "^6.0.2"
			},
			"engines": {
				"node": ">=8"
			}
		},
		"node_modules/typescript": {
			"version": "4.9.5",
			"resolved": "https://registry.npmjs.org/typescript/-/typescript-4.9.5.tgz",
			"integrity": "sha512-1FXk9E2Hm+QzZQ7z+McJiHL4NW1F2EzMu9Nq9i3zAaGqibafqYwCVU6WyWAuyQRRzOlxou8xZSyXLEN8oKj24g==",
			"dev": true,
			"bin": {
				"tsc": "bin/tsc",
				"tsserver": "bin/tsserver"
			},
			"engines": {
				"node": ">=4.2.0"
			}
		},
		"node_modules/undici-types": {
			"version": "5.26.5",
			"resolved": "https://registry.npmjs.org/undici-types/-/undici-types-5.26.5.tgz",
			"integrity": "sha512-JlCMO+ehdEIKqlFxk6IfVoAUVmgz7cU7zD/h9XZ0qzeosSHmUJVOzSQvvYSYWXkFXC+IfLKSIffhv0sVZup6pA==",
			"dev": true
		},
		"node_modules/ws": {
			"version": "6.2.2",
			"resolved": "https://registry.npmjs.org/ws/-/ws-6.2.2.tgz",
			"integrity": "sha512-zmhltoSR8u1cnDsD43TX59mzoMZsLKqUweyYBAIvTngR3shc0W6aOZylZmq/7hqyVxPdi+5Ud2QInblgyE72fw==",
			"dev": true,
			"dependencies": {
				"async-limiter": "~1.0.0"
			}
		}
	}
}
